// !$*UTF8*$!
{
	archiveVersion = 1;
	classes = {
	};
	objectVersion = 50;
	objects = {

/* Begin PBXBuildFile section */
		8B0C674821B6DCBD00DB3806 /* art.scnassets in Resources */ = {isa = PBXBuildFile; fileRef = CA9D5CEC21AD792E00F65E5D /* art.scnassets */; };
		8B2854C521B5231E005CE723 /* ApplicationService.swift in Sources */ = {isa = PBXBuildFile; fileRef = 8B2854AD21B5231E005CE723 /* ApplicationService.swift */; };
		8B2854C621B5231E005CE723 /* LocationServiceDelegate.swift in Sources */ = {isa = PBXBuildFile; fileRef = 8B2854AE21B5231E005CE723 /* LocationServiceDelegate.swift */; };
		8B2854C721B5231E005CE723 /* MatrixHelper.swift in Sources */ = {isa = PBXBuildFile; fileRef = 8B2854B021B5231E005CE723 /* MatrixHelper.swift */; };
		8B2854C821B5231E005CE723 /* LocationService.swift in Sources */ = {isa = PBXBuildFile; fileRef = 8B2854B121B5231E005CE723 /* LocationService.swift */; };
		8B2854C921B5231E005CE723 /* NavigationService.swift in Sources */ = {isa = PBXBuildFile; fileRef = 8B2854B221B5231E005CE723 /* NavigationService.swift */; };
		8B2854CA21B5231E005CE723 /* BaseNode.swift in Sources */ = {isa = PBXBuildFile; fileRef = 8B2854B421B5231E005CE723 /* BaseNode.swift */; };
		8B2854CB21B5231E005CE723 /* POIAnnotation.swift in Sources */ = {isa = PBXBuildFile; fileRef = 8B2854B521B5231E005CE723 /* POIAnnotation.swift */; };
		8B2854CC21B5231E005CE723 /* LocationData.swift in Sources */ = {isa = PBXBuildFile; fileRef = 8B2854B621B5231E005CE723 /* LocationData.swift */; };
		8B2854CD21B5231E005CE723 /* LocationTranslation.swift in Sources */ = {isa = PBXBuildFile; fileRef = 8B2854B721B5231E005CE723 /* LocationTranslation.swift */; };
		8B2854D921B528C2005CE723 /* Constants.swift in Sources */ = {isa = PBXBuildFile; fileRef = 8B2854A321B522B0005CE723 /* Constants.swift */; };
		8B2854DA21B528C2005CE723 /* CLLocationCoordinate2D+Extension.swift in Sources */ = {isa = PBXBuildFile; fileRef = 8B2854A421B522B0005CE723 /* CLLocationCoordinate2D+Extension.swift */; };
		8B2854DB21B528C2005CE723 /* CLLocation+Extension.swift in Sources */ = {isa = PBXBuildFile; fileRef = 8B2854A521B522B0005CE723 /* CLLocation+Extension.swift */; };
		8B2854DC21B528C2005CE723 /* StoryboardIdentifiableError.swift in Sources */ = {isa = PBXBuildFile; fileRef = 8B2854A621B522B0005CE723 /* StoryboardIdentifiableError.swift */; };
		8B2854DD21B528C2005CE723 /* SCNVector3+Extension.swift in Sources */ = {isa = PBXBuildFile; fileRef = 8B2854A721B522B0005CE723 /* SCNVector3+Extension.swift */; };
		8B2854DE21B528C2005CE723 /* Double+Extension.swift in Sources */ = {isa = PBXBuildFile; fileRef = 8B2854A821B522B0005CE723 /* Double+Extension.swift */; };
		8B2854E021B528C2005CE723 /* MKRouteStep+Extension.swift in Sources */ = {isa = PBXBuildFile; fileRef = 8B2854AA21B522B0005CE723 /* MKRouteStep+Extension.swift */; };
		8B4A966521B632F7005B81A3 /* FIndMyBike-Info.plist in Resources */ = {isa = PBXBuildFile; fileRef = 8B711A8C21B338D100782C76 /* FIndMyBike-Info.plist */; };
		8B711A7B21B338D000782C76 /* MapVC.swift in Sources */ = {isa = PBXBuildFile; fileRef = 8BCC788221B153F600106CA3 /* MapVC.swift */; };
		8B711A7C21B338D000782C76 /* BLEStatusVC.swift in Sources */ = {isa = PBXBuildFile; fileRef = 8B70F6C621B2E4D500F094E8 /* BLEStatusVC.swift */; };
		8B711A7D21B338D000782C76 /* BLEListVC.swift in Sources */ = {isa = PBXBuildFile; fileRef = 8B70F6C821B2E81A00F094E8 /* BLEListVC.swift */; };
		8B711A7E21B338D000782C76 /* BLEManager.swift in Sources */ = {isa = PBXBuildFile; fileRef = 8BCC788421B155FD00106CA3 /* BLEManager.swift */; };
		8B711A7F21B338D000782C76 /* Definitions.swift in Sources */ = {isa = PBXBuildFile; fileRef = 8BCC788021B1536000106CA3 /* Definitions.swift */; };
		8B711A8021B338D000782C76 /* ARVC.swift in Sources */ = {isa = PBXBuildFile; fileRef = CA9D5CEE21AD792E00F65E5D /* ARVC.swift */; };
		8B711A8121B338D000782C76 /* AppDelegate.swift in Sources */ = {isa = PBXBuildFile; fileRef = CA9D5CEA21AD792E00F65E5D /* AppDelegate.swift */; };
		8B711A8421B338D000782C76 /* LaunchScreen.storyboard in Resources */ = {isa = PBXBuildFile; fileRef = CA9D5CF521AD792F00F65E5D /* LaunchScreen.storyboard */; };
		8B711A8621B338D000782C76 /* Assets.xcassets in Resources */ = {isa = PBXBuildFile; fileRef = CA9D5CF321AD792F00F65E5D /* Assets.xcassets */; };
		8B711A8721B338D000782C76 /* Main.storyboard in Resources */ = {isa = PBXBuildFile; fileRef = CA9D5CF021AD792E00F65E5D /* Main.storyboard */; };
		8BB4D97E21BD5FCA0006BAB6 /* Podfile in Resources */ = {isa = PBXBuildFile; fileRef = 8BB4D97D21BD5FCA0006BAB6 /* Podfile */; };
		8BB4D9F421BD642E0006BAB6 /* Pods_FindMyBike.framework in Frameworks */ = {isa = PBXBuildFile; fileRef = 8BB4D9F321BD642E0006BAB6 /* Pods_FindMyBike.framework */; };
		8BB4D9F621BD64330006BAB6 /* Bean_iOS_OSX_SDK.framework in Frameworks */ = {isa = PBXBuildFile; fileRef = 8BB4D9F521BD64330006BAB6 /* Bean_iOS_OSX_SDK.framework */; };
/* End PBXBuildFile section */

/* Begin PBXFileReference section */
		1B76978A892956CF3B4CAE1B /* Pods-FindMyBike-frameworks.sh */ = {isa = PBXFileReference; explicitFileType = wrapper.framework; includeInIndex = 0; name = "Pods-FindMyBike-frameworks.sh"; path = "../../../../../../../../FindMyBike/Pods/Target Support Files/Pods-FindMyBike/Pods-FindMyBike-frameworks.sh"; sourceTree = BUILT_PRODUCTS_DIR; };
		8B2854A321B522B0005CE723 /* Constants.swift */ = {isa = PBXFileReference; lastKnownFileType = sourcecode.swift; path = Constants.swift; sourceTree = "<group>"; };
		8B2854A421B522B0005CE723 /* CLLocationCoordinate2D+Extension.swift */ = {isa = PBXFileReference; lastKnownFileType = sourcecode.swift; path = "CLLocationCoordinate2D+Extension.swift"; sourceTree = "<group>"; };
		8B2854A521B522B0005CE723 /* CLLocation+Extension.swift */ = {isa = PBXFileReference; lastKnownFileType = sourcecode.swift; path = "CLLocation+Extension.swift"; sourceTree = "<group>"; };
		8B2854A621B522B0005CE723 /* StoryboardIdentifiableError.swift */ = {isa = PBXFileReference; lastKnownFileType = sourcecode.swift; path = StoryboardIdentifiableError.swift; sourceTree = "<group>"; };
		8B2854A721B522B0005CE723 /* SCNVector3+Extension.swift */ = {isa = PBXFileReference; lastKnownFileType = sourcecode.swift; path = "SCNVector3+Extension.swift"; sourceTree = "<group>"; };
		8B2854A821B522B0005CE723 /* Double+Extension.swift */ = {isa = PBXFileReference; lastKnownFileType = sourcecode.swift; path = "Double+Extension.swift"; sourceTree = "<group>"; };
		8B2854AA21B522B0005CE723 /* MKRouteStep+Extension.swift */ = {isa = PBXFileReference; lastKnownFileType = sourcecode.swift; path = "MKRouteStep+Extension.swift"; sourceTree = "<group>"; };
		8B2854AD21B5231E005CE723 /* ApplicationService.swift */ = {isa = PBXFileReference; fileEncoding = 4; lastKnownFileType = sourcecode.swift; path = ApplicationService.swift; sourceTree = "<group>"; };
		8B2854AE21B5231E005CE723 /* LocationServiceDelegate.swift */ = {isa = PBXFileReference; fileEncoding = 4; lastKnownFileType = sourcecode.swift; path = LocationServiceDelegate.swift; sourceTree = "<group>"; };
		8B2854B021B5231E005CE723 /* MatrixHelper.swift */ = {isa = PBXFileReference; fileEncoding = 4; lastKnownFileType = sourcecode.swift; path = MatrixHelper.swift; sourceTree = "<group>"; };
		8B2854B121B5231E005CE723 /* LocationService.swift */ = {isa = PBXFileReference; fileEncoding = 4; lastKnownFileType = sourcecode.swift; path = LocationService.swift; sourceTree = "<group>"; };
		8B2854B221B5231E005CE723 /* NavigationService.swift */ = {isa = PBXFileReference; fileEncoding = 4; lastKnownFileType = sourcecode.swift; path = NavigationService.swift; sourceTree = "<group>"; };
		8B2854B421B5231E005CE723 /* BaseNode.swift */ = {isa = PBXFileReference; fileEncoding = 4; lastKnownFileType = sourcecode.swift; path = BaseNode.swift; sourceTree = "<group>"; };
		8B2854B521B5231E005CE723 /* POIAnnotation.swift */ = {isa = PBXFileReference; fileEncoding = 4; lastKnownFileType = sourcecode.swift; path = POIAnnotation.swift; sourceTree = "<group>"; };
		8B2854B621B5231E005CE723 /* LocationData.swift */ = {isa = PBXFileReference; fileEncoding = 4; lastKnownFileType = sourcecode.swift; path = LocationData.swift; sourceTree = "<group>"; };
		8B2854B721B5231E005CE723 /* LocationTranslation.swift */ = {isa = PBXFileReference; fileEncoding = 4; lastKnownFileType = sourcecode.swift; path = LocationTranslation.swift; sourceTree = "<group>"; };
		8B70F6C621B2E4D500F094E8 /* BLEStatusVC.swift */ = {isa = PBXFileReference; lastKnownFileType = sourcecode.swift; path = BLEStatusVC.swift; sourceTree = "<group>"; };
		8B70F6C821B2E81A00F094E8 /* BLEListVC.swift */ = {isa = PBXFileReference; lastKnownFileType = sourcecode.swift; path = BLEListVC.swift; sourceTree = "<group>"; };
		8B711A8B21B338D000782C76 /* FindMyBike.app */ = {isa = PBXFileReference; explicitFileType = wrapper.application; includeInIndex = 0; path = FindMyBike.app; sourceTree = BUILT_PRODUCTS_DIR; };
		8B711A8C21B338D100782C76 /* FIndMyBike-Info.plist */ = {isa = PBXFileReference; lastKnownFileType = text.plist.xml; path = "FIndMyBike-Info.plist"; sourceTree = "<group>"; };
		8BB4D97D21BD5FCA0006BAB6 /* Podfile */ = {isa = PBXFileReference; fileEncoding = 4; lastKnownFileType = text; path = Podfile; sourceTree = SOURCE_ROOT; xcLanguageSpecificationIdentifier = xcode.lang.ruby; };
		8BB4D9F321BD642E0006BAB6 /* Pods_FindMyBike.framework */ = {isa = PBXFileReference; explicitFileType = wrapper.framework; path = Pods_FindMyBike.framework; sourceTree = BUILT_PRODUCTS_DIR; };
		8BB4D9F521BD64330006BAB6 /* Bean_iOS_OSX_SDK.framework */ = {isa = PBXFileReference; explicitFileType = wrapper.framework; path = Bean_iOS_OSX_SDK.framework; sourceTree = BUILT_PRODUCTS_DIR; };
		8BCC788021B1536000106CA3 /* Definitions.swift */ = {isa = PBXFileReference; fileEncoding = 4; lastKnownFileType = sourcecode.swift; path = Definitions.swift; sourceTree = "<group>"; };
		8BCC788221B153F600106CA3 /* MapVC.swift */ = {isa = PBXFileReference; lastKnownFileType = sourcecode.swift; path = MapVC.swift; sourceTree = "<group>"; };
		8BCC788421B155FD00106CA3 /* BLEManager.swift */ = {isa = PBXFileReference; lastKnownFileType = sourcecode.swift; path = BLEManager.swift; sourceTree = "<group>"; };
		B10AFE05F5CB223D0A27220C /* Pods-FindMyBike.release.xcconfig */ = {isa = PBXFileReference; includeInIndex = 1; lastKnownFileType = text.xcconfig; name = "Pods-FindMyBike.release.xcconfig"; path = "Target Support Files/Pods-FindMyBike/Pods-FindMyBike.release.xcconfig"; sourceTree = "<group>"; };
		CA9D5CEA21AD792E00F65E5D /* AppDelegate.swift */ = {isa = PBXFileReference; lastKnownFileType = sourcecode.swift; path = AppDelegate.swift; sourceTree = "<group>"; };
		CA9D5CEC21AD792E00F65E5D /* art.scnassets */ = {isa = PBXFileReference; lastKnownFileType = wrapper.scnassets; path = art.scnassets; sourceTree = "<group>"; };
		CA9D5CEE21AD792E00F65E5D /* ARVC.swift */ = {isa = PBXFileReference; lastKnownFileType = sourcecode.swift; path = ARVC.swift; sourceTree = "<group>"; };
		CA9D5CF121AD792E00F65E5D /* Base */ = {isa = PBXFileReference; lastKnownFileType = file.storyboard; name = Base; path = Base.lproj/Main.storyboard; sourceTree = "<group>"; };
		CA9D5CF321AD792F00F65E5D /* Assets.xcassets */ = {isa = PBXFileReference; lastKnownFileType = folder.assetcatalog; path = Assets.xcassets; sourceTree = "<group>"; };
		CA9D5CF621AD792F00F65E5D /* Base */ = {isa = PBXFileReference; lastKnownFileType = file.storyboard; name = Base; path = Base.lproj/LaunchScreen.storyboard; sourceTree = "<group>"; };
		CA9D5CF821AD792F00F65E5D /* Info.plist */ = {isa = PBXFileReference; lastKnownFileType = text.plist.xml; path = Info.plist; sourceTree = "<group>"; };
		F47255C7A75B8C83C25E5947 /* Pods-FindMyBike.debug.xcconfig */ = {isa = PBXFileReference; includeInIndex = 1; lastKnownFileType = text.xcconfig; name = "Pods-FindMyBike.debug.xcconfig"; path = "Target Support Files/Pods-FindMyBike/Pods-FindMyBike.debug.xcconfig"; sourceTree = "<group>"; };
/* End PBXFileReference section */

/* Begin PBXFrameworksBuildPhase section */
		8B711A8221B338D000782C76 /* Frameworks */ = {
			isa = PBXFrameworksBuildPhase;
			buildActionMask = 2147483647;
			files = (
				8BB4D9F621BD64330006BAB6 /* Bean_iOS_OSX_SDK.framework in Frameworks */,
				8BB4D9F421BD642E0006BAB6 /* Pods_FindMyBike.framework in Frameworks */,
			);
			runOnlyForDeploymentPostprocessing = 0;
		};
/* End PBXFrameworksBuildPhase section */

/* Begin PBXGroup section */
		225B311EAA67C6CDB4C076EC /* Frameworks */ = {
			isa = PBXGroup;
			children = (
				8BB4D9F521BD64330006BAB6 /* Bean_iOS_OSX_SDK.framework */,
				8BB4D9F321BD642E0006BAB6 /* Pods_FindMyBike.framework */,
				1B76978A892956CF3B4CAE1B /* Pods-FindMyBike-frameworks.sh */,
			);
			name = Frameworks;
			sourceTree = "<group>";
		};
		7D2F3FD9C56B255D4FC1F468 /* Pods */ = {
			isa = PBXGroup;
			children = (
				F47255C7A75B8C83C25E5947 /* Pods-FindMyBike.debug.xcconfig */,
				B10AFE05F5CB223D0A27220C /* Pods-FindMyBike.release.xcconfig */,
			);
			path = Pods;
			sourceTree = "<group>";
		};
		8B2854AB21B522B0005CE723 /* Extensions */ = {
			isa = PBXGroup;
			children = (
				8B2854A321B522B0005CE723 /* Constants.swift */,
				8B2854A421B522B0005CE723 /* CLLocationCoordinate2D+Extension.swift */,
				8B2854A521B522B0005CE723 /* CLLocation+Extension.swift */,
				8B2854A621B522B0005CE723 /* StoryboardIdentifiableError.swift */,
				8B2854A721B522B0005CE723 /* SCNVector3+Extension.swift */,
				8B2854A821B522B0005CE723 /* Double+Extension.swift */,
				8B2854AA21B522B0005CE723 /* MKRouteStep+Extension.swift */,
			);
			name = Extensions;
			path = ../FindMyBike.xcodeproj/Extensions;
			sourceTree = "<group>";
		};
		8B2854AC21B5231E005CE723 /* Services */ = {
			isa = PBXGroup;
			children = (
				8B2854AD21B5231E005CE723 /* ApplicationService.swift */,
				8B2854AE21B5231E005CE723 /* LocationServiceDelegate.swift */,
				8B2854AF21B5231E005CE723 /* Helpers */,
				8B2854B121B5231E005CE723 /* LocationService.swift */,
				8B2854B221B5231E005CE723 /* NavigationService.swift */,
			);
			path = Services;
			sourceTree = "<group>";
		};
		8B2854AF21B5231E005CE723 /* Helpers */ = {
			isa = PBXGroup;
			children = (
				8B2854B021B5231E005CE723 /* MatrixHelper.swift */,
			);
			path = Helpers;
			sourceTree = "<group>";
		};
		8B2854B321B5231E005CE723 /* Models */ = {
			isa = PBXGroup;
			children = (
				8B2854B421B5231E005CE723 /* BaseNode.swift */,
				8B2854B521B5231E005CE723 /* POIAnnotation.swift */,
				8B2854B621B5231E005CE723 /* LocationData.swift */,
				8B2854B721B5231E005CE723 /* LocationTranslation.swift */,
			);
			path = Models;
			sourceTree = "<group>";
		};
		CA9D5CDE21AD792E00F65E5D = {
			isa = PBXGroup;
			children = (
				CA9D5CE921AD792E00F65E5D /* FindMyBike */,
				CA9D5CE821AD792E00F65E5D /* Products */,
				8B711A8C21B338D100782C76 /* FIndMyBike-Info.plist */,
				7D2F3FD9C56B255D4FC1F468 /* Pods */,
				225B311EAA67C6CDB4C076EC /* Frameworks */,
			);
			sourceTree = "<group>";
		};
		CA9D5CE821AD792E00F65E5D /* Products */ = {
			isa = PBXGroup;
			children = (
				8B711A8B21B338D000782C76 /* FindMyBike.app */,
			);
			name = Products;
			sourceTree = "<group>";
		};
		CA9D5CE921AD792E00F65E5D /* FindMyBike */ = {
			isa = PBXGroup;
			children = (
				8B2854AB21B522B0005CE723 /* Extensions */,
				CA9D5CEC21AD792E00F65E5D /* art.scnassets */,
				8B2854B321B5231E005CE723 /* Models */,
				8B2854AC21B5231E005CE723 /* Services */,
				CA9D5CEA21AD792E00F65E5D /* AppDelegate.swift */,
				8BCC788221B153F600106CA3 /* MapVC.swift */,
				CA9D5CEE21AD792E00F65E5D /* ARVC.swift */,
				8B70F6C621B2E4D500F094E8 /* BLEStatusVC.swift */,
				8B70F6C821B2E81A00F094E8 /* BLEListVC.swift */,
				8BCC788421B155FD00106CA3 /* BLEManager.swift */,
				8BCC788021B1536000106CA3 /* Definitions.swift */,
				CA9D5CF021AD792E00F65E5D /* Main.storyboard */,
				CA9D5CF321AD792F00F65E5D /* Assets.xcassets */,
				CA9D5CF521AD792F00F65E5D /* LaunchScreen.storyboard */,
				CA9D5CF821AD792F00F65E5D /* Info.plist */,
				8BB4D97D21BD5FCA0006BAB6 /* Podfile */,
			);
			path = FindMyBike;
			sourceTree = "<group>";
		};
/* End PBXGroup section */

/* Begin PBXNativeTarget section */
		8B711A7921B338D000782C76 /* FindMyBike */ = {
			isa = PBXNativeTarget;
			buildConfigurationList = 8B711A8821B338D000782C76 /* Build configuration list for PBXNativeTarget "FindMyBike" */;
			buildPhases = (
				8E24540FB816626C5CBA5E08 /* [CP] Check Pods Manifest.lock */,
				8B711A7A21B338D000782C76 /* Sources */,
				8B711A8221B338D000782C76 /* Frameworks */,
				8B711A8321B338D000782C76 /* Resources */,
				92E60F9CCDC54CD2962F2615 /* [CP] Embed Pods Frameworks */,
			);
			buildRules = (
			);
			dependencies = (
			);
			name = FindMyBike;
			productName = team5ui;
			productReference = 8B711A8B21B338D000782C76 /* FindMyBike.app */;
			productType = "com.apple.product-type.application";
		};
/* End PBXNativeTarget section */

/* Begin PBXProject section */
		CA9D5CDF21AD792E00F65E5D /* Project object */ = {
			isa = PBXProject;
			attributes = {
				LastSwiftUpdateCheck = 1010;
				LastUpgradeCheck = 1010;
				ORGANIZATIONNAME = V.Lab;
			};
			buildConfigurationList = CA9D5CE221AD792E00F65E5D /* Build configuration list for PBXProject "FindMyBike" */;
			compatibilityVersion = "Xcode 9.3";
			developmentRegion = en;
			hasScannedForEncodings = 0;
			knownRegions = (
				en,
				Base,
			);
			mainGroup = CA9D5CDE21AD792E00F65E5D;
			productRefGroup = CA9D5CE821AD792E00F65E5D /* Products */;
			projectDirPath = "";
			projectRoot = "";
			targets = (
				8B711A7921B338D000782C76 /* FindMyBike */,
			);
		};
/* End PBXProject section */

/* Begin PBXResourcesBuildPhase section */
		8B711A8321B338D000782C76 /* Resources */ = {
			isa = PBXResourcesBuildPhase;
			buildActionMask = 2147483647;
			files = (
				8BB4D97E21BD5FCA0006BAB6 /* Podfile in Resources */,
				8B0C674821B6DCBD00DB3806 /* art.scnassets in Resources */,
				8B711A8421B338D000782C76 /* LaunchScreen.storyboard in Resources */,
				8B4A966521B632F7005B81A3 /* FIndMyBike-Info.plist in Resources */,
				8B711A8621B338D000782C76 /* Assets.xcassets in Resources */,
				8B711A8721B338D000782C76 /* Main.storyboard in Resources */,
			);
			runOnlyForDeploymentPostprocessing = 0;
		};
/* End PBXResourcesBuildPhase section */

/* Begin PBXShellScriptBuildPhase section */
		8E24540FB816626C5CBA5E08 /* [CP] Check Pods Manifest.lock */ = {
			isa = PBXShellScriptBuildPhase;
			buildActionMask = 2147483647;
			files = (
			);
			inputFileListPaths = (
			);
			inputPaths = (
				"${PODS_PODFILE_DIR_PATH}/Podfile.lock",
				"${PODS_ROOT}/Manifest.lock",
			);
			name = "[CP] Check Pods Manifest.lock";
			outputFileListPaths = (
			);
			outputPaths = (
				"$(DERIVED_FILE_DIR)/Pods-FindMyBike-checkManifestLockResult.txt",
			);
			runOnlyForDeploymentPostprocessing = 0;
			shellPath = /bin/sh;
			shellScript = "diff \"${PODS_PODFILE_DIR_PATH}/Podfile.lock\" \"${PODS_ROOT}/Manifest.lock\" > /dev/null\nif [ $? != 0 ] ; then\n    # print error to STDERR\n    echo \"error: The sandbox is not in sync with the Podfile.lock. Run 'pod install' or update your CocoaPods installation.\" >&2\n    exit 1\nfi\n# This output is used by Xcode 'outputs' to avoid re-running this script phase.\necho \"SUCCESS\" > \"${SCRIPT_OUTPUT_FILE_0}\"\n";
			showEnvVarsInLog = 0;
		};
		92E60F9CCDC54CD2962F2615 /* [CP] Embed Pods Frameworks */ = {
			isa = PBXShellScriptBuildPhase;
			buildActionMask = 2147483647;
			files = (
			);
			inputFileListPaths = (
			);
			inputPaths = (
				"${SRCROOT}/Pods/Target Support Files/Pods-FindMyBike/Pods-FindMyBike-frameworks.sh",
				"${BUILT_PRODUCTS_DIR}/Bean-iOS-OSX-SDK/Bean_iOS_OSX_SDK.framework",
			);
			name = "[CP] Embed Pods Frameworks";
			outputFileListPaths = (
			);
			outputPaths = (
				"${TARGET_BUILD_DIR}/${FRAMEWORKS_FOLDER_PATH}/Bean_iOS_OSX_SDK.framework",
			);
			runOnlyForDeploymentPostprocessing = 0;
			shellPath = /bin/sh;
			shellScript = "\"${SRCROOT}/Pods/Target Support Files/Pods-FindMyBike/Pods-FindMyBike-frameworks.sh\"\n";
			showEnvVarsInLog = 0;
		};
/* End PBXShellScriptBuildPhase section */

/* Begin PBXSourcesBuildPhase section */
		8B711A7A21B338D000782C76 /* Sources */ = {
			isa = PBXSourcesBuildPhase;
			buildActionMask = 2147483647;
			files = (
				8B2854CB21B5231E005CE723 /* POIAnnotation.swift in Sources */,
				8B711A7B21B338D000782C76 /* MapVC.swift in Sources */,
				8B711A7C21B338D000782C76 /* BLEStatusVC.swift in Sources */,
				8B2854C621B5231E005CE723 /* LocationServiceDelegate.swift in Sources */,
				8B2854DE21B528C2005CE723 /* Double+Extension.swift in Sources */,
				8B2854E021B528C2005CE723 /* MKRouteStep+Extension.swift in Sources */,
				8B2854DD21B528C2005CE723 /* SCNVector3+Extension.swift in Sources */,
				8B711A7D21B338D000782C76 /* BLEListVC.swift in Sources */,
				8B2854CA21B5231E005CE723 /* BaseNode.swift in Sources */,
				8B2854D921B528C2005CE723 /* Constants.swift in Sources */,
				8B2854CD21B5231E005CE723 /* LocationTranslation.swift in Sources */,
				8B2854C721B5231E005CE723 /* MatrixHelper.swift in Sources */,
				8B2854DC21B528C2005CE723 /* StoryboardIdentifiableError.swift in Sources */,
				8B2854CC21B5231E005CE723 /* LocationData.swift in Sources */,
				8B2854DA21B528C2005CE723 /* CLLocationCoordinate2D+Extension.swift in Sources */,
				8B2854DB21B528C2005CE723 /* CLLocation+Extension.swift in Sources */,
				8B711A7E21B338D000782C76 /* BLEManager.swift in Sources */,
				8B2854C521B5231E005CE723 /* ApplicationService.swift in Sources */,
				8B2854C821B5231E005CE723 /* LocationService.swift in Sources */,
				8B711A7F21B338D000782C76 /* Definitions.swift in Sources */,
				8B711A8021B338D000782C76 /* ARVC.swift in Sources */,
				8B711A8121B338D000782C76 /* AppDelegate.swift in Sources */,
				8B2854C921B5231E005CE723 /* NavigationService.swift in Sources */,
			);
			runOnlyForDeploymentPostprocessing = 0;
		};
/* End PBXSourcesBuildPhase section */

/* Begin PBXVariantGroup section */
		CA9D5CF021AD792E00F65E5D /* Main.storyboard */ = {
			isa = PBXVariantGroup;
			children = (
				CA9D5CF121AD792E00F65E5D /* Base */,
			);
			name = Main.storyboard;
			sourceTree = "<group>";
		};
		CA9D5CF521AD792F00F65E5D /* LaunchScreen.storyboard */ = {
			isa = PBXVariantGroup;
			children = (
				CA9D5CF621AD792F00F65E5D /* Base */,
			);
			name = LaunchScreen.storyboard;
			sourceTree = "<group>";
		};
/* End PBXVariantGroup section */

/* Begin XCBuildConfiguration section */
		8B711A8921B338D000782C76 /* Debug */ = {
			isa = XCBuildConfiguration;
			baseConfigurationReference = F47255C7A75B8C83C25E5947 /* Pods-FindMyBike.debug.xcconfig */;
			buildSettings = {
				ASSETCATALOG_COMPILER_APPICON_NAME = AppIcon;
				ASSETCATALOG_COMPILER_LAUNCHIMAGE_NAME = LaunchImage;
				CODE_SIGN_IDENTITY = "iPhone Developer";
				CODE_SIGN_STYLE = Automatic;
				DEVELOPMENT_TEAM = JFUZ68FAY6;
				INFOPLIST_FILE = "FIndMyBike-Info.plist";
				LD_RUNPATH_SEARCH_PATHS = (
					"$(inherited)",
					"@executable_path/Frameworks",
				);
				PRODUCT_BUNDLE_IDENTIFIER = FindMyBike;
				PRODUCT_NAME = "$(TARGET_NAME)";
				PROVISIONING_PROFILE_SPECIFIER = "";
				SWIFT_VERSION = 4.2;
				TARGETED_DEVICE_FAMILY = 1;
			};
			name = Debug;
		};
		8B711A8A21B338D000782C76 /* Release */ = {
			isa = XCBuildConfiguration;
			baseConfigurationReference = B10AFE05F5CB223D0A27220C /* Pods-FindMyBike.release.xcconfig */;
			buildSettings = {
				ASSETCATALOG_COMPILER_APPICON_NAME = AppIcon;
				ASSETCATALOG_COMPILER_LAUNCHIMAGE_NAME = LaunchImage;
				CODE_SIGN_IDENTITY = "iPhone Developer";
				CODE_SIGN_STYLE = Automatic;
				DEVELOPMENT_TEAM = JFUZ68FAY6;
				INFOPLIST_FILE = "FIndMyBike-Info.plist";
				LD_RUNPATH_SEARCH_PATHS = (
					"$(inherited)",
					"@executable_path/Frameworks",
				);
				PRODUCT_BUNDLE_IDENTIFIER = FindMyBike;
				PRODUCT_NAME = "$(TARGET_NAME)";
				PROVISIONING_PROFILE_SPECIFIER = "";
				SWIFT_VERSION = 4.2;
				TARGETED_DEVICE_FAMILY = 1;
			};
			name = Release;
		};
		CA9D5D0F21AD792F00F65E5D /* Debug */ = {
			isa = XCBuildConfiguration;
			buildSettings = {
				ALWAYS_SEARCH_USER_PATHS = NO;
				CLANG_ANALYZER_NONNULL = YES;
				CLANG_ANALYZER_NUMBER_OBJECT_CONVERSION = YES_AGGRESSIVE;
				CLANG_CXX_LANGUAGE_STANDARD = "gnu++14";
				CLANG_CXX_LIBRARY = "libc++";
				CLANG_ENABLE_MODULES = YES;
				CLANG_ENABLE_OBJC_ARC = YES;
				CLANG_ENABLE_OBJC_WEAK = YES;
				CLANG_WARN_BLOCK_CAPTURE_AUTORELEASING = YES;
				CLANG_WARN_BOOL_CONVERSION = YES;
				CLANG_WARN_COMMA = YES;
				CLANG_WARN_CONSTANT_CONVERSION = YES;
				CLANG_WARN_DEPRECATED_OBJC_IMPLEMENTATIONS = YES;
				CLANG_WARN_DIRECT_OBJC_ISA_USAGE = YES_ERROR;
				CLANG_WARN_DOCUMENTATION_COMMENTS = YES;
				CLANG_WARN_EMPTY_BODY = YES;
				CLANG_WARN_ENUM_CONVERSION = YES;
				CLANG_WARN_INFINITE_RECURSION = YES;
				CLANG_WARN_INT_CONVERSION = YES;
				CLANG_WARN_NON_LITERAL_NULL_CONVERSION = YES;
				CLANG_WARN_OBJC_IMPLICIT_RETAIN_SELF = YES;
				CLANG_WARN_OBJC_LITERAL_CONVERSION = YES;
				CLANG_WARN_OBJC_ROOT_CLASS = YES_ERROR;
				CLANG_WARN_RANGE_LOOP_ANALYSIS = YES;
				CLANG_WARN_STRICT_PROTOTYPES = YES;
				CLANG_WARN_SUSPICIOUS_MOVE = YES;
				CLANG_WARN_UNGUARDED_AVAILABILITY = YES_AGGRESSIVE;
				CLANG_WARN_UNREACHABLE_CODE = YES;
				CLANG_WARN__DUPLICATE_METHOD_MATCH = YES;
				CODE_SIGN_IDENTITY = "iPhone Developer";
				COPY_PHASE_STRIP = NO;
				DEBUG_INFORMATION_FORMAT = dwarf;
				ENABLE_STRICT_OBJC_MSGSEND = YES;
				ENABLE_TESTABILITY = YES;
				GCC_C_LANGUAGE_STANDARD = gnu11;
				GCC_DYNAMIC_NO_PIC = NO;
				GCC_NO_COMMON_BLOCKS = YES;
				GCC_OPTIMIZATION_LEVEL = 0;
				GCC_PREPROCESSOR_DEFINITIONS = (
					"DEBUG=1",
					"$(inherited)",
				);
				GCC_WARN_64_TO_32_BIT_CONVERSION = YES;
				GCC_WARN_ABOUT_RETURN_TYPE = YES_ERROR;
				GCC_WARN_UNDECLARED_SELECTOR = YES;
				GCC_WARN_UNINITIALIZED_AUTOS = YES_AGGRESSIVE;
				GCC_WARN_UNUSED_FUNCTION = YES;
				GCC_WARN_UNUSED_VARIABLE = YES;
				IPHONEOS_DEPLOYMENT_TARGET = 12.1;
				MTL_ENABLE_DEBUG_INFO = INCLUDE_SOURCE;
				MTL_FAST_MATH = YES;
				ONLY_ACTIVE_ARCH = YES;
				SDKROOT = iphoneos;
				SWIFT_ACTIVE_COMPILATION_CONDITIONS = DEBUG;
				SWIFT_OPTIMIZATION_LEVEL = "-Onone";
			};
			name = Debug;
		};
		CA9D5D1021AD792F00F65E5D /* Release */ = {
			isa = XCBuildConfiguration;
			buildSettings = {
				ALWAYS_SEARCH_USER_PATHS = NO;
				CLANG_ANALYZER_NONNULL = YES;
				CLANG_ANALYZER_NUMBER_OBJECT_CONVERSION = YES_AGGRESSIVE;
				CLANG_CXX_LANGUAGE_STANDARD = "gnu++14";
				CLANG_CXX_LIBRARY = "libc++";
				CLANG_ENABLE_MODULES = YES;
				CLANG_ENABLE_OBJC_ARC = YES;
				CLANG_ENABLE_OBJC_WEAK = YES;
				CLANG_WARN_BLOCK_CAPTURE_AUTORELEASING = YES;
				CLANG_WARN_BOOL_CONVERSION = YES;
				CLANG_WARN_COMMA = YES;
				CLANG_WARN_CONSTANT_CONVERSION = YES;
				CLANG_WARN_DEPRECATED_OBJC_IMPLEMENTATIONS = YES;
				CLANG_WARN_DIRECT_OBJC_ISA_USAGE = YES_ERROR;
				CLANG_WARN_DOCUMENTATION_COMMENTS = YES;
				CLANG_WARN_EMPTY_BODY = YES;
				CLANG_WARN_ENUM_CONVERSION = YES;
				CLANG_WARN_INFINITE_RECURSION = YES;
				CLANG_WARN_INT_CONVERSION = YES;
				CLANG_WARN_NON_LITERAL_NULL_CONVERSION = YES;
				CLANG_WARN_OBJC_IMPLICIT_RETAIN_SELF = YES;
				CLANG_WARN_OBJC_LITERAL_CONVERSION = YES;
				CLANG_WARN_OBJC_ROOT_CLASS = YES_ERROR;
				CLANG_WARN_RANGE_LOOP_ANALYSIS = YES;
				CLANG_WARN_STRICT_PROTOTYPES = YES;
				CLANG_WARN_SUSPICIOUS_MOVE = YES;
				CLANG_WARN_UNGUARDED_AVAILABILITY = YES_AGGRESSIVE;
				CLANG_WARN_UNREACHABLE_CODE = YES;
				CLANG_WARN__DUPLICATE_METHOD_MATCH = YES;
				CODE_SIGN_IDENTITY = "iPhone Developer";
				COPY_PHASE_STRIP = NO;
				DEBUG_INFORMATION_FORMAT = "dwarf-with-dsym";
				ENABLE_NS_ASSERTIONS = NO;
				ENABLE_STRICT_OBJC_MSGSEND = YES;
				GCC_C_LANGUAGE_STANDARD = gnu11;
				GCC_NO_COMMON_BLOCKS = YES;
				GCC_WARN_64_TO_32_BIT_CONVERSION = YES;
				GCC_WARN_ABOUT_RETURN_TYPE = YES_ERROR;
				GCC_WARN_UNDECLARED_SELECTOR = YES;
				GCC_WARN_UNINITIALIZED_AUTOS = YES_AGGRESSIVE;
				GCC_WARN_UNUSED_FUNCTION = YES;
				GCC_WARN_UNUSED_VARIABLE = YES;
				IPHONEOS_DEPLOYMENT_TARGET = 12.1;
				MTL_ENABLE_DEBUG_INFO = NO;
				MTL_FAST_MATH = YES;
				SDKROOT = iphoneos;
				SWIFT_COMPILATION_MODE = wholemodule;
				SWIFT_OPTIMIZATION_LEVEL = "-O";
				VALIDATE_PRODUCT = YES;
			};
			name = Release;
		};
/* End XCBuildConfiguration section */

/* Begin XCConfigurationList section */
		8B711A8821B338D000782C76 /* Build configuration list for PBXNativeTarget "FindMyBike" */ = {
			isa = XCConfigurationList;
			buildConfigurations = (
				8B711A8921B338D000782C76 /* Debug */,
				8B711A8A21B338D000782C76 /* Release */,
			);
			defaultConfigurationIsVisible = 0;
			defaultConfigurationName = Release;
		};
		CA9D5CE221AD792E00F65E5D /* Build configuration list for PBXProject "FindMyBike" */ = {
			isa = XCConfigurationList;
			buildConfigurations = (
				CA9D5D0F21AD792F00F65E5D /* Debug */,
				CA9D5D1021AD792F00F65E5D /* Release */,
			);
			defaultConfigurationIsVisible = 0;
			defaultConfigurationName = Release;
		};
/* End XCConfigurationList section */
	};
	rootObject = CA9D5CDF21AD792E00F65E5D /* Project object */;
}
